// !$*UTF8*$!
{
	archiveVersion = 1;
	classes = {
	};
	objectVersion = 46;
	objects = {

/* Begin PBXBuildFile section */
		EA1356DC21C2A70100B85D30 /* AppDelegate.swift in Sources */ = {isa = PBXBuildFile; fileRef = EA1356DB21C2A70100B85D30 /* AppDelegate.swift */; };
		EA1356DE21C2A70100B85D30 /* GameScene.sks in Resources */ = {isa = PBXBuildFile; fileRef = EA1356DD21C2A70100B85D30 /* GameScene.sks */; };
		EA1356E021C2A70100B85D30 /* Actions.sks in Resources */ = {isa = PBXBuildFile; fileRef = EA1356DF21C2A70100B85D30 /* Actions.sks */; };
		EA1356E221C2A70100B85D30 /* GameScene.swift in Sources */ = {isa = PBXBuildFile; fileRef = EA1356E121C2A70100B85D30 /* GameScene.swift */; };
		EA1356E421C2A70100B85D30 /* GameViewController.swift in Sources */ = {isa = PBXBuildFile; fileRef = EA1356E321C2A70100B85D30 /* GameViewController.swift */; };
		EA1356E721C2A70100B85D30 /* Main.storyboard in Resources */ = {isa = PBXBuildFile; fileRef = EA1356E521C2A70100B85D30 /* Main.storyboard */; };
		EA1356E921C2A70100B85D30 /* Assets.xcassets in Resources */ = {isa = PBXBuildFile; fileRef = EA1356E821C2A70100B85D30 /* Assets.xcassets */; };
		EA1356EC21C2A70100B85D30 /* LaunchScreen.storyboard in Resources */ = {isa = PBXBuildFile; fileRef = EA1356EA21C2A70100B85D30 /* LaunchScreen.storyboard */; };
		EA1356F721C2A70100B85D30 /* _1573741_MobileGameTests.swift in Sources */ = {isa = PBXBuildFile; fileRef = EA1356F621C2A70100B85D30 /* _1573741_MobileGameTests.swift */; };
		EA13570221C2A70200B85D30 /* _1573741_MobileGameUITests.swift in Sources */ = {isa = PBXBuildFile; fileRef = EA13570121C2A70200B85D30 /* _1573741_MobileGameUITests.swift */; };
/* End PBXBuildFile section */

/* Begin PBXContainerItemProxy section */
		EA1356F321C2A70100B85D30 /* PBXContainerItemProxy */ = {
			isa = PBXContainerItemProxy;
			containerPortal = EA1356D021C2A70100B85D30 /* Project object */;
			proxyType = 1;
			remoteGlobalIDString = EA1356D721C2A70100B85D30;
			remoteInfo = 11573741_MobileGame;
		};
		EA1356FE21C2A70200B85D30 /* PBXContainerItemProxy */ = {
			isa = PBXContainerItemProxy;
			containerPortal = EA1356D021C2A70100B85D30 /* Project object */;
			proxyType = 1;
			remoteGlobalIDString = EA1356D721C2A70100B85D30;
			remoteInfo = 11573741_MobileGame;
		};
/* End PBXContainerItemProxy section */

/* Begin PBXFileReference section */
		EA1356D821C2A70100B85D30 /* 11573741_MobileGame.app */ = {isa = PBXFileReference; explicitFileType = wrapper.application; includeInIndex = 0; path = 11573741_MobileGame.app; sourceTree = BUILT_PRODUCTS_DIR; };
		EA1356DB21C2A70100B85D30 /* AppDelegate.swift */ = {isa = PBXFileReference; lastKnownFileType = sourcecode.swift; path = AppDelegate.swift; sourceTree = "<group>"; };
		EA1356DD21C2A70100B85D30 /* GameScene.sks */ = {isa = PBXFileReference; lastKnownFileType = file.sks; path = GameScene.sks; sourceTree = "<group>"; };
		EA1356DF21C2A70100B85D30 /* Actions.sks */ = {isa = PBXFileReference; lastKnownFileType = file.sks; path = Actions.sks; sourceTree = "<group>"; };
		EA1356E121C2A70100B85D30 /* GameScene.swift */ = {isa = PBXFileReference; lastKnownFileType = sourcecode.swift; path = GameScene.swift; sourceTree = "<group>"; };
		EA1356E321C2A70100B85D30 /* GameViewController.swift */ = {isa = PBXFileReference; lastKnownFileType = sourcecode.swift; path = GameViewController.swift; sourceTree = "<group>"; };
		EA1356E621C2A70100B85D30 /* Base */ = {isa = PBXFileReference; lastKnownFileType = file.storyboard; name = Base; path = Base.lproj/Main.storyboard; sourceTree = "<group>"; };
		EA1356E821C2A70100B85D30 /* Assets.xcassets */ = {isa = PBXFileReference; lastKnownFileType = folder.assetcatalog; path = Assets.xcassets; sourceTree = "<group>"; };
		EA1356EB21C2A70100B85D30 /* Base */ = {isa = PBXFileReference; lastKnownFileType = file.storyboard; name = Base; path = Base.lproj/LaunchScreen.storyboard; sourceTree = "<group>"; };
		EA1356ED21C2A70100B85D30 /* Info.plist */ = {isa = PBXFileReference; lastKnownFileType = text.plist.xml; path = Info.plist; sourceTree = "<group>"; };
		EA1356F221C2A70100B85D30 /* 11573741_MobileGameTests.xctest */ = {isa = PBXFileReference; explicitFileType = wrapper.cfbundle; includeInIndex = 0; path = 11573741_MobileGameTests.xctest; sourceTree = BUILT_PRODUCTS_DIR; };
		EA1356F621C2A70100B85D30 /* _1573741_MobileGameTests.swift */ = {isa = PBXFileReference; lastKnownFileType = sourcecode.swift; path = _1573741_MobileGameTests.swift; sourceTree = "<group>"; };
		EA1356F821C2A70100B85D30 /* Info.plist */ = {isa = PBXFileReference; lastKnownFileType = text.plist.xml; path = Info.plist; sourceTree = "<group>"; };
		EA1356FD21C2A70200B85D30 /* 11573741_MobileGameUITests.xctest */ = {isa = PBXFileReference; explicitFileType = wrapper.cfbundle; includeInIndex = 0; path = 11573741_MobileGameUITests.xctest; sourceTree = BUILT_PRODUCTS_DIR; };
		EA13570121C2A70200B85D30 /* _1573741_MobileGameUITests.swift */ = {isa = PBXFileReference; lastKnownFileType = sourcecode.swift; path = _1573741_MobileGameUITests.swift; sourceTree = "<group>"; };
		EA13570321C2A70200B85D30 /* Info.plist */ = {isa = PBXFileReference; lastKnownFileType = text.plist.xml; path = Info.plist; sourceTree = "<group>"; };
/* End PBXFileReference section */

/* Begin PBXFrameworksBuildPhase section */
		EA1356D521C2A70100B85D30 /* Frameworks */ = {
			isa = PBXFrameworksBuildPhase;
			buildActionMask = 2147483647;
			files = (
			);
			runOnlyForDeploymentPostprocessing = 0;
		};
		EA1356EF21C2A70100B85D30 /* Frameworks */ = {
			isa = PBXFrameworksBuildPhase;
			buildActionMask = 2147483647;
			files = (
			);
			runOnlyForDeploymentPostprocessing = 0;
		};
		EA1356FA21C2A70200B85D30 /* Frameworks */ = {
			isa = PBXFrameworksBuildPhase;
			buildActionMask = 2147483647;
			files = (
			);
			runOnlyForDeploymentPostprocessing = 0;
		};
/* End PBXFrameworksBuildPhase section */

/* Begin PBXGroup section */
		EA1356CF21C2A70100B85D30 = {
			isa = PBXGroup;
			children = (
				EA1356DA21C2A70100B85D30 /* 11573741_MobileGame */,
				EA1356F521C2A70100B85D30 /* 11573741_MobileGameTests */,
				EA13570021C2A70200B85D30 /* 11573741_MobileGameUITests */,
				EA1356D921C2A70100B85D30 /* Products */,
			);
			sourceTree = "<group>";
		};
		EA1356D921C2A70100B85D30 /* Products */ = {
			isa = PBXGroup;
			children = (
				EA1356D821C2A70100B85D30 /* 11573741_MobileGame.app */,
				EA1356F221C2A70100B85D30 /* 11573741_MobileGameTests.xctest */,
				EA1356FD21C2A70200B85D30 /* 11573741_MobileGameUITests.xctest */,
			);
			name = Products;
			sourceTree = "<group>";
		};
		EA1356DA21C2A70100B85D30 /* 11573741_MobileGame */ = {
			isa = PBXGroup;
			children = (
				EA1356DB21C2A70100B85D30 /* AppDelegate.swift */,
				EA1356DD21C2A70100B85D30 /* GameScene.sks */,
				EA1356DF21C2A70100B85D30 /* Actions.sks */,
				EA1356E121C2A70100B85D30 /* GameScene.swift */,
				EA1356E321C2A70100B85D30 /* GameViewController.swift */,
				EA1356E521C2A70100B85D30 /* Main.storyboard */,
				EA1356E821C2A70100B85D30 /* Assets.xcassets */,
				EA1356EA21C2A70100B85D30 /* LaunchScreen.storyboard */,
				EA1356ED21C2A70100B85D30 /* Info.plist */,
			);
			path = 11573741_MobileGame;
			sourceTree = "<group>";
		};
		EA1356F521C2A70100B85D30 /* 11573741_MobileGameTests */ = {
			isa = PBXGroup;
			children = (
				EA1356F621C2A70100B85D30 /* _1573741_MobileGameTests.swift */,
				EA1356F821C2A70100B85D30 /* Info.plist */,
			);
			path = 11573741_MobileGameTests;
			sourceTree = "<group>";
		};
		EA13570021C2A70200B85D30 /* 11573741_MobileGameUITests */ = {
			isa = PBXGroup;
			children = (
				EA13570121C2A70200B85D30 /* _1573741_MobileGameUITests.swift */,
				EA13570321C2A70200B85D30 /* Info.plist */,
			);
			path = 11573741_MobileGameUITests;
			sourceTree = "<group>";
		};
/* End PBXGroup section */

/* Begin PBXNativeTarget section */
		EA1356D721C2A70100B85D30 /* 11573741_MobileGame */ = {
			isa = PBXNativeTarget;
			buildConfigurationList = EA13570621C2A70200B85D30 /* Build configuration list for PBXNativeTarget "11573741_MobileGame" */;
			buildPhases = (
				EA1356D421C2A70100B85D30 /* Sources */,
				EA1356D521C2A70100B85D30 /* Frameworks */,
				EA1356D621C2A70100B85D30 /* Resources */,
			);
			buildRules = (
			);
			dependencies = (
			);
			name = 11573741_MobileGame;
			productName = 11573741_MobileGame;
			productReference = EA1356D821C2A70100B85D30 /* 11573741_MobileGame.app */;
			productType = "com.apple.product-type.application";
		};
		EA1356F121C2A70100B85D30 /* 11573741_MobileGameTests */ = {
			isa = PBXNativeTarget;
			buildConfigurationList = EA13570921C2A70200B85D30 /* Build configuration list for PBXNativeTarget "11573741_MobileGameTests" */;
			buildPhases = (
				EA1356EE21C2A70100B85D30 /* Sources */,
				EA1356EF21C2A70100B85D30 /* Frameworks */,
				EA1356F021C2A70100B85D30 /* Resources */,
			);
			buildRules = (
			);
			dependencies = (
				EA1356F421C2A70100B85D30 /* PBXTargetDependency */,
			);
			name = 11573741_MobileGameTests;
			productName = 11573741_MobileGameTests;
			productReference = EA1356F221C2A70100B85D30 /* 11573741_MobileGameTests.xctest */;
			productType = "com.apple.product-type.bundle.unit-test";
		};
		EA1356FC21C2A70200B85D30 /* 11573741_MobileGameUITests */ = {
			isa = PBXNativeTarget;
			buildConfigurationList = EA13570C21C2A70200B85D30 /* Build configuration list for PBXNativeTarget "11573741_MobileGameUITests" */;
			buildPhases = (
				EA1356F921C2A70200B85D30 /* Sources */,
				EA1356FA21C2A70200B85D30 /* Frameworks */,
				EA1356FB21C2A70200B85D30 /* Resources */,
			);
			buildRules = (
			);
			dependencies = (
				EA1356FF21C2A70200B85D30 /* PBXTargetDependency */,
			);
			name = 11573741_MobileGameUITests;
			productName = 11573741_MobileGameUITests;
			productReference = EA1356FD21C2A70200B85D30 /* 11573741_MobileGameUITests.xctest */;
			productType = "com.apple.product-type.bundle.ui-testing";
		};
/* End PBXNativeTarget section */

/* Begin PBXProject section */
		EA1356D021C2A70100B85D30 /* Project object */ = {
			isa = PBXProject;
			attributes = {
				LastSwiftUpdateCheck = 0830;
				LastUpgradeCheck = 0830;
				ORGANIZATIONNAME = SohailButt_CW;
				TargetAttributes = {
					EA1356D721C2A70100B85D30 = {
						CreatedOnToolsVersion = 8.3.3;
						ProvisioningStyle = Automatic;
					};
					EA1356F121C2A70100B85D30 = {
						CreatedOnToolsVersion = 8.3.3;
						ProvisioningStyle = Automatic;
						TestTargetID = EA1356D721C2A70100B85D30;
					};
					EA1356FC21C2A70200B85D30 = {
						CreatedOnToolsVersion = 8.3.3;
						ProvisioningStyle = Automatic;
						TestTargetID = EA1356D721C2A70100B85D30;
					};
				};
			};
			buildConfigurationList = EA1356D321C2A70100B85D30 /* Build configuration list for PBXProject "11573741_MobileGame" */;
			compatibilityVersion = "Xcode 3.2";
			developmentRegion = English;
			hasScannedForEncodings = 0;
			knownRegions = (
				en,
				Base,
			);
			mainGroup = EA1356CF21C2A70100B85D30;
			productRefGroup = EA1356D921C2A70100B85D30 /* Products */;
			projectDirPath = "";
			projectRoot = "";
			targets = (
				EA1356D721C2A70100B85D30 /* 11573741_MobileGame */,
				EA1356F121C2A70100B85D30 /* 11573741_MobileGameTests */,
				EA1356FC21C2A70200B85D30 /* 11573741_MobileGameUITests */,
			);
		};
/* End PBXProject section */

/* Begin PBXResourcesBuildPhase section */
		EA1356D621C2A70100B85D30 /* Resources */ = {
			isa = PBXResourcesBuildPhase;
			buildActionMask = 2147483647;
			files = (
				EA1356E721C2A70100B85D30 /* Main.storyboard in Resources */,
				EA1356DE21C2A70100B85D30 /* GameScene.sks in Resources */,
				EA1356E921C2A70100B85D30 /* Assets.xcassets in Resources */,
				EA1356EC21C2A70100B85D30 /* LaunchScreen.storyboard in Resources */,
				EA1356E021C2A70100B85D30 /* Actions.sks in Resources */,
			);
			runOnlyForDeploymentPostprocessing = 0;
		};
		EA1356F021C2A70100B85D30 /* Resources */ = {
			isa = PBXResourcesBuildPhase;
			buildActionMask = 2147483647;
			files = (
			);
			runOnlyForDeploymentPostprocessing = 0;
		};
		EA1356FB21C2A70200B85D30 /* Resources */ = {
			isa = PBXResourcesBuildPhase;
			buildActionMask = 2147483647;
			files = (
			);
			runOnlyForDeploymentPostprocessing = 0;
		};
/* End PBXResourcesBuildPhase section */

/* Begin PBXSourcesBuildPhase section */
		EA1356D421C2A70100B85D30 /* Sources */ = {
			isa = PBXSourcesBuildPhase;
			buildActionMask = 2147483647;
			files = (
				EA1356E221C2A70100B85D30 /* GameScene.swift in Sources */,
				EA1356E421C2A70100B85D30 /* GameViewController.swift in Sources */,
				EA1356DC21C2A70100B85D30 /* AppDelegate.swift in Sources */,
			);
			runOnlyForDeploymentPostprocessing = 0;
		};
		EA1356EE21C2A70100B85D30 /* Sources */ = {
			isa = PBXSourcesBuildPhase;
			buildActionMask = 2147483647;
			files = (
				EA1356F721C2A70100B85D30 /* _1573741_MobileGameTests.swift in Sources */,
			);
			runOnlyForDeploymentPostprocessing = 0;
		};
		EA1356F921C2A70200B85D30 /* Sources */ = {
			isa = PBXSourcesBuildPhase;
			buildActionMask = 2147483647;
			files = (
				EA13570221C2A70200B85D30 /* _1573741_MobileGameUITests.swift in Sources */,
			);
			runOnlyForDeploymentPostprocessing = 0;
		};
/* End PBXSourcesBuildPhase section */

/* Begin PBXTargetDependency section */
		EA1356F421C2A70100B85D30 /* PBXTargetDependency */ = {
			isa = PBXTargetDependency;
			target = EA1356D721C2A70100B85D30 /* 11573741_MobileGame */;
			targetProxy = EA1356F321C2A70100B85D30 /* PBXContainerItemProxy */;
		};
		EA1356FF21C2A70200B85D30 /* PBXTargetDependency */ = {
			isa = PBXTargetDependency;
			target = EA1356D721C2A70100B85D30 /* 11573741_MobileGame */;
			targetProxy = EA1356FE21C2A70200B85D30 /* PBXContainerItemProxy */;
		};
/* End PBXTargetDependency section */

/* Begin PBXVariantGroup section */
		EA1356E521C2A70100B85D30 /* Main.storyboard */ = {
			isa = PBXVariantGroup;
			children = (
				EA1356E621C2A70100B85D30 /* Base */,
			);
			name = Main.storyboard;
			sourceTree = "<group>";
		};
		EA1356EA21C2A70100B85D30 /* LaunchScreen.storyboard */ = {
			isa = PBXVariantGroup;
			children = (
				EA1356EB21C2A70100B85D30 /* Base */,
			);
			name = LaunchScreen.storyboard;
			sourceTree = "<group>";
		};
/* End PBXVariantGroup section */

/* Begin XCBuildConfiguration section */
		EA13570421C2A70200B85D30 /* Debug */ = {
			isa = XCBuildConfiguration;
			buildSettings = {
				ALWAYS_SEARCH_USER_PATHS = NO;
				CLANG_ANALYZER_NONNULL = YES;
				CLANG_ANALYZER_NUMBER_OBJECT_CONVERSION = YES_AGGRESSIVE;
				CLANG_CXX_LANGUAGE_STANDARD = "gnu++0x";
				CLANG_CXX_LIBRARY = "libc++";
				CLANG_ENABLE_MODULES = YES;
				CLANG_ENABLE_OBJC_ARC = YES;
				CLANG_WARN_BOOL_CONVERSION = YES;
				CLANG_WARN_CONSTANT_CONVERSION = YES;
				CLANG_WARN_DIRECT_OBJC_ISA_USAGE = YES_ERROR;
				CLANG_WARN_DOCUMENTATION_COMMENTS = YES;
				CLANG_WARN_EMPTY_BODY = YES;
				CLANG_WARN_ENUM_CONVERSION = YES;
				CLANG_WARN_INFINITE_RECURSION = YES;
				CLANG_WARN_INT_CONVERSION = YES;
				CLANG_WARN_OBJC_ROOT_CLASS = YES_ERROR;
				CLANG_WARN_SUSPICIOUS_MOVE = YES;
				CLANG_WARN_UNREACHABLE_CODE = YES;
				CLANG_WARN__DUPLICATE_METHOD_MATCH = YES;
				"CODE_SIGN_IDENTITY[sdk=iphoneos*]" = "iPhone Developer";
				COPY_PHASE_STRIP = NO;
				DEBUG_INFORMATION_FORMAT = dwarf;
				ENABLE_STRICT_OBJC_MSGSEND = YES;
				ENABLE_TESTABILITY = YES;
				GCC_C_LANGUAGE_STANDARD = gnu99;
				GCC_DYNAMIC_NO_PIC = NO;
				GCC_NO_COMMON_BLOCKS = YES;
				GCC_OPTIMIZATION_LEVEL = 0;
				GCC_PREPROCESSOR_DEFINITIONS = (
					"DEBUG=1",
					"$(inherited)",
				);
				GCC_WARN_64_TO_32_BIT_CONVERSION = YES;
				GCC_WARN_ABOUT_RETURN_TYPE = YES_ERROR;
				GCC_WARN_UNDECLARED_SELECTOR = YES;
				GCC_WARN_UNINITIALIZED_AUTOS = YES_AGGRESSIVE;
				GCC_WARN_UNUSED_FUNCTION = YES;
				GCC_WARN_UNUSED_VARIABLE = YES;
				IPHONEOS_DEPLOYMENT_TARGET = 10.3;
				MTL_ENABLE_DEBUG_INFO = YES;
				ONLY_ACTIVE_ARCH = YES;
				SDKROOT = iphoneos;
				SWIFT_ACTIVE_COMPILATION_CONDITIONS = DEBUG;
				SWIFT_OPTIMIZATION_LEVEL = "-Onone";
				TARGETED_DEVICE_FAMILY = "1,2";
			};
			name = Debug;
		};
		EA13570521C2A70200B85D30 /* Release */ = {
			isa = XCBuildConfiguration;
			buildSettings = {
				ALWAYS_SEARCH_USER_PATHS = NO;
				CLANG_ANALYZER_NONNULL = YES;
				CLANG_ANALYZER_NUMBER_OBJECT_CONVERSION = YES_AGGRESSIVE;
				CLANG_CXX_LANGUAGE_STANDARD = "gnu++0x";
				CLANG_CXX_LIBRARY = "libc++";
				CLANG_ENABLE_MODULES = YES;
				CLANG_ENABLE_OBJC_ARC = YES;
				CLANG_WARN_BOOL_CONVERSION = YES;
				CLANG_WARN_CONSTANT_CONVERSION = YES;
				CLANG_WARN_DIRECT_OBJC_ISA_USAGE = YES_ERROR;
				CLANG_WARN_DOCUMENTATION_COMMENTS = YES;
				CLANG_WARN_EMPTY_BODY = YES;
				CLANG_WARN_ENUM_CONVERSION = YES;
				CLANG_WARN_INFINITE_RECURSION = YES;
				CLANG_WARN_INT_CONVERSION = YES;
				CLANG_WARN_OBJC_ROOT_CLASS = YES_ERROR;
				CLANG_WARN_SUSPICIOUS_MOVE = YES;
				CLANG_WARN_UNREACHABLE_CODE = YES;
				CLANG_WARN__DUPLICATE_METHOD_MATCH = YES;
				"CODE_SIGN_IDENTITY[sdk=iphoneos*]" = "iPhone Developer";
				COPY_PHASE_STRIP = NO;
				DEBUG_INFORMATION_FORMAT = "dwarf-with-dsym";
				ENABLE_NS_ASSERTIONS = NO;
				ENABLE_STRICT_OBJC_MSGSEND = YES;
				GCC_C_LANGUAGE_STANDARD = gnu99;
				GCC_NO_COMMON_BLOCKS = YES;
				GCC_WARN_64_TO_32_BIT_CONVERSION = YES;
				GCC_WARN_ABOUT_RETURN_TYPE = YES_ERROR;
				GCC_WARN_UNDECLARED_SELECTOR = YES;
				GCC_WARN_UNINITIALIZED_AUTOS = YES_AGGRESSIVE;
				GCC_WARN_UNUSED_FUNCTION = YES;
				GCC_WARN_UNUSED_VARIABLE = YES;
				IPHONEOS_DEPLOYMENT_TARGET = 10.3;
				MTL_ENABLE_DEBUG_INFO = NO;
				SDKROOT = iphoneos;
				SWIFT_OPTIMIZATION_LEVEL = "-Owholemodule";
				TARGETED_DEVICE_FAMILY = "1,2";
				VALIDATE_PRODUCT = YES;
			};
			name = Release;
		};
		EA13570721C2A70200B85D30 /* Debug */ = {
			isa = XCBuildConfiguration;
			buildSettings = {
				ASSETCATALOG_COMPILER_APPICON_NAME = AppIcon;
				INFOPLIST_FILE = 11573741_MobileGame/Info.plist;
				IPHONEOS_DEPLOYMENT_TARGET = 10.3;
				LD_RUNPATH_SEARCH_PATHS = "$(inherited) @executable_path/Frameworks";
				PRODUCT_BUNDLE_IDENTIFIER = "SB.-1573741-MobileGame";
				PRODUCT_NAME = "$(TARGET_NAME)";
				SWIFT_VERSION = 3.0;
			};
			name = Debug;
		};
		EA13570821C2A70200B85D30 /* Release */ = {
			isa = XCBuildConfiguration;
			buildSettings = {
				ASSETCATALOG_COMPILER_APPICON_NAME = AppIcon;
				INFOPLIST_FILE = 11573741_MobileGame/Info.plist;
				IPHONEOS_DEPLOYMENT_TARGET = 10.3;
				LD_RUNPATH_SEARCH_PATHS = "$(inherited) @executable_path/Frameworks";
				PRODUCT_BUNDLE_IDENTIFIER = "SB.-1573741-MobileGame";
				PRODUCT_NAME = "$(TARGET_NAME)";
				SWIFT_VERSION = 3.0;
			};
			name = Release;
		};
		EA13570A21C2A70200B85D30 /* Debug */ = {
			isa = XCBuildConfiguration;
			buildSettings = {
				ALWAYS_EMBED_SWIFT_STANDARD_LIBRARIES = YES;
				BUNDLE_LOADER = "$(TEST_HOST)";
				INFOPLIST_FILE = 11573741_MobileGameTests/Info.plist;
				LD_RUNPATH_SEARCH_PATHS = "$(inherited) @executable_path/Frameworks @loader_path/Frameworks";
				PRODUCT_BUNDLE_IDENTIFIER = "SB.-1573741-MobileGameTests";
				PRODUCT_NAME = "$(TARGET_NAME)";
				SWIFT_VERSION = 3.0;
				TEST_HOST = "$(BUILT_PRODUCTS_DIR)/11573741_MobileGame.app/11573741_MobileGame";
			};
			name = Debug;
		};
		EA13570B21C2A70200B85D30 /* Release */ = {
			isa = XCBuildConfiguration;
			buildSettings = {
				ALWAYS_EMBED_SWIFT_STANDARD_LIBRARIES = YES;
				BUNDLE_LOADER = "$(TEST_HOST)";
				INFOPLIST_FILE = 11573741_MobileGameTests/Info.plist;
				LD_RUNPATH_SEARCH_PATHS = "$(inherited) @executable_path/Frameworks @loader_path/Frameworks";
				PRODUCT_BUNDLE_IDENTIFIER = "SB.-1573741-MobileGameTests";
				PRODUCT_NAME = "$(TARGET_NAME)";
				SWIFT_VERSION = 3.0;
				TEST_HOST = "$(BUILT_PRODUCTS_DIR)/11573741_MobileGame.app/11573741_MobileGame";
			};
			name = Release;
		};
		EA13570D21C2A70200B85D30 /* Debug */ = {
			isa = XCBuildConfiguration;
			buildSettings = {
				ALWAYS_EMBED_SWIFT_STANDARD_LIBRARIES = YES;
				INFOPLIST_FILE = 11573741_MobileGameUITests/Info.plist;
				LD_RUNPATH_SEARCH_PATHS = "$(inherited) @executable_path/Frameworks @loader_path/Frameworks";
				PRODUCT_BUNDLE_IDENTIFIER = "SB.-1573741-MobileGameUITests";
				PRODUCT_NAME = "$(TARGET_NAME)";
				SWIFT_VERSION = 3.0;
				TEST_TARGET_NAME = 11573741_MobileGame;
			};
			name = Debug;
		};
		EA13570E21C2A70200B85D30 /* Release */ = {
			isa = XCBuildConfiguration;
			buildSettings = {
				ALWAYS_EMBED_SWIFT_STANDARD_LIBRARIES = YES;
				INFOPLIST_FILE = 11573741_MobileGameUITests/Info.plist;
				LD_RUNPATH_SEARCH_PATHS = "$(inherited) @executable_path/Frameworks @loader_path/Frameworks";
				PRODUCT_BUNDLE_IDENTIFIER = "SB.-1573741-MobileGameUITests";
				PRODUCT_NAME = "$(TARGET_NAME)";
				SWIFT_VERSION = 3.0;
				TEST_TARGET_NAME = 11573741_MobileGame;
			};
			name = Release;
		};
/* End XCBuildConfiguration section */

/* Begin XCConfigurationList section */
		EA1356D321C2A70100B85D30 /* Build configuration list for PBXProject "11573741_MobileGame" */ = {
			isa = XCConfigurationList;
			buildConfigurations = (
				EA13570421C2A70200B85D30 /* Debug */,
				EA13570521C2A70200B85D30 /* Release */,
			);
			defaultConfigurationIsVisible = 0;
			defaultConfigurationName = Release;
		};
		EA13570621C2A70200B85D30 /* Build configuration list for PBXNativeTarget "11573741_MobileGame" */ = {
			isa = XCConfigurationList;
			buildConfigurations = (
				EA13570721C2A70200B85D30 /* Debug */,
				EA13570821C2A70200B85D30 /* Release */,
			);
			defaultConfigurationIsVisible = 0;
		};
		EA13570921C2A70200B85D30 /* Build configuration list for PBXNativeTarget "11573741_MobileGameTests" */ = {
			isa = XCConfigurationList;
			buildConfigurations = (
				EA13570A21C2A70200B85D30 /* Debug */,
				EA13570B21C2A70200B85D30 /* Release */,
			);
			defaultConfigurationIsVisible = 0;
		};
		EA13570C21C2A70200B85D30 /* Build configuration list for PBXNativeTarget "11573741_MobileGameUITests" */ = {
			isa = XCConfigurationList;
			buildConfigurations = (
				EA13570D21C2A70200B85D30 /* Debug */,
				EA13570E21C2A70200B85D30 /* Release */,
			);
			defaultConfigurationIsVisible = 0;
		};
/* End XCConfigurationList section */
	};
	rootObject = EA1356D021C2A70100B85D30 /* Project object */;
}
